
Microsoft Visual Studio Solution File, Format Version 12.00
# Visual Studio Version 17
VisualStudioVersion = 17.14.36310.24
MinimumVisualStudioVersion = 10.0.40219.1
Project("{FAE04EC0-301F-11D3-BF4B-00C04F79EFBC}") = "SerilogSyntax", "SerilogSyntax\SerilogSyntax.csproj", "{1EB62E81-BD00-4A3B-BB9E-232E202C9132}"
EndProject
Project("{FAE04EC0-301F-11D3-BF4B-00C04F79EFBC}") = "SerilogSyntax.Tests", "SerilogSyntax.Tests\SerilogSyntax.Tests.csproj", "{B2F7A4E8-7F9C-4C7B-9E5D-6A8C3B2D1F0E}"
EndProject
Project("{FAE04EC0-301F-11D3-BF4B-00C04F79EFBC}") = "Example", "Example\Example.csproj", "{C3F8A5D2-1E4F-4B6C-9A7E-8D2B5F1A3C9E}"
EndProject
Project("{FAE04EC0-301F-11D3-BF4B-00C04F79EFBC}") = "SerilogSyntax.Benchmarks", "SerilogSyntax.Benchmarks\SerilogSyntax.Benchmarks.csproj", "{D5B8C9E7-2A3F-4D5E-9B6C-7A8D4E2F3B1C}"
EndProject
Project("{2150E333-8FDC-42A3-9474-1A3956D46DE8}") = "Solution Items", "Solution Items", "{8EC462FD-D22E-90A8-E5CE-7E832BA40C5D}"
	ProjectSection(SolutionItems) = preProject
		CHANGELOG.md = CHANGELOG.md
		.github\workflows\ci.yml = .github\workflows\ci.yml
		CLAUDE.md = CLAUDE.md
		LICENSE.txt = LICENSE.txt
		README.md = README.md
		.github\workflows\release.yml = .github\workflows\release.yml
	EndProjectSection
EndProject
Project("{2150E333-8FDC-42A3-9474-1A3956D46DE8}") = "scripts", "scripts", "{02EA681E-C7D8-13C7-8484-4AC65E1B71E8}"
	ProjectSection(SolutionItems) = preProject
		scripts\benchmark.ps1 = scripts\benchmark.ps1
		scripts\benchmark.sh = scripts\benchmark.sh
		scripts\build.ps1 = scripts\build.ps1
		scripts\build.sh = scripts\build.sh
		scripts\deploy.ps1 = scripts\deploy.ps1
		scripts\deploy.sh = scripts\deploy.sh
		scripts\quick-deploy.ps1 = scripts\quick-deploy.ps1
		scripts\quick-deploy.sh = scripts\quick-deploy.sh
		scripts\test.ps1 = scripts\test.ps1
		scripts\test.sh = scripts\test.sh
	EndProjectSection
EndProject
Global
	GlobalSection(SolutionConfigurationPlatforms) = preSolution
		Debug|Any CPU = Debug|Any CPU
		Debug|arm64 = Debug|arm64
		Debug|x86 = Debug|x86
		Release|Any CPU = Release|Any CPU
		Release|arm64 = Release|arm64
		Release|x86 = Release|x86
	EndGlobalSection
	GlobalSection(ProjectConfigurationPlatforms) = postSolution
		{1EB62E81-BD00-4A3B-BB9E-232E202C9132}.Debug|Any CPU.ActiveCfg = Debug|Any CPU
		{1EB62E81-BD00-4A3B-BB9E-232E202C9132}.Debug|Any CPU.Build.0 = Debug|Any CPU
		{1EB62E81-BD00-4A3B-BB9E-232E202C9132}.Debug|arm64.ActiveCfg = Debug|arm64
		{1EB62E81-BD00-4A3B-BB9E-232E202C9132}.Debug|arm64.Build.0 = Debug|arm64
		{1EB62E81-BD00-4A3B-BB9E-232E202C9132}.Debug|x86.ActiveCfg = Debug|x86
		{1EB62E81-BD00-4A3B-BB9E-232E202C9132}.Debug|x86.Build.0 = Debug|x86
		{1EB62E81-BD00-4A3B-BB9E-232E202C9132}.Release|Any CPU.ActiveCfg = Release|Any CPU
		{1EB62E81-BD00-4A3B-BB9E-232E202C9132}.Release|Any CPU.Build.0 = Release|Any CPU
		{1EB62E81-BD00-4A3B-BB9E-232E202C9132}.Release|arm64.ActiveCfg = Release|arm64
		{1EB62E81-BD00-4A3B-BB9E-232E202C9132}.Release|arm64.Build.0 = Release|arm64
		{1EB62E81-BD00-4A3B-BB9E-232E202C9132}.Release|x86.ActiveCfg = Release|x86
		{1EB62E81-BD00-4A3B-BB9E-232E202C9132}.Release|x86.Build.0 = Release|x86
		{B2F7A4E8-7F9C-4C7B-9E5D-6A8C3B2D1F0E}.Debug|Any CPU.ActiveCfg = Debug|Any CPU
		{B2F7A4E8-7F9C-4C7B-9E5D-6A8C3B2D1F0E}.Debug|Any CPU.Build.0 = Debug|Any CPU
		{B2F7A4E8-7F9C-4C7B-9E5D-6A8C3B2D1F0E}.Debug|arm64.ActiveCfg = Debug|Any CPU
		{B2F7A4E8-7F9C-4C7B-9E5D-6A8C3B2D1F0E}.Debug|arm64.Build.0 = Debug|Any CPU
		{B2F7A4E8-7F9C-4C7B-9E5D-6A8C3B2D1F0E}.Debug|x86.ActiveCfg = Debug|Any CPU
		{B2F7A4E8-7F9C-4C7B-9E5D-6A8C3B2D1F0E}.Debug|x86.Build.0 = Debug|Any CPU
		{B2F7A4E8-7F9C-4C7B-9E5D-6A8C3B2D1F0E}.Release|Any CPU.ActiveCfg = Release|Any CPU
		{B2F7A4E8-7F9C-4C7B-9E5D-6A8C3B2D1F0E}.Release|Any CPU.Build.0 = Release|Any CPU
		{B2F7A4E8-7F9C-4C7B-9E5D-6A8C3B2D1F0E}.Release|arm64.ActiveCfg = Release|Any CPU
		{B2F7A4E8-7F9C-4C7B-9E5D-6A8C3B2D1F0E}.Release|arm64.Build.0 = Release|Any CPU
		{B2F7A4E8-7F9C-4C7B-9E5D-6A8C3B2D1F0E}.Release|x86.ActiveCfg = Release|Any CPU
		{B2F7A4E8-7F9C-4C7B-9E5D-6A8C3B2D1F0E}.Release|x86.Build.0 = Release|Any CPU
		{C3F8A5D2-1E4F-4B6C-9A7E-8D2B5F1A3C9E}.Debug|Any CPU.ActiveCfg = Debug|Any CPU
		{C3F8A5D2-1E4F-4B6C-9A7E-8D2B5F1A3C9E}.Debug|Any CPU.Build.0 = Debug|Any CPU
		{C3F8A5D2-1E4F-4B6C-9A7E-8D2B5F1A3C9E}.Debug|arm64.ActiveCfg = Debug|Any CPU
		{C3F8A5D2-1E4F-4B6C-9A7E-8D2B5F1A3C9E}.Debug|arm64.Build.0 = Debug|Any CPU
		{C3F8A5D2-1E4F-4B6C-9A7E-8D2B5F1A3C9E}.Debug|x86.ActiveCfg = Debug|Any CPU
		{C3F8A5D2-1E4F-4B6C-9A7E-8D2B5F1A3C9E}.Debug|x86.Build.0 = Debug|Any CPU
		{C3F8A5D2-1E4F-4B6C-9A7E-8D2B5F1A3C9E}.Release|Any CPU.ActiveCfg = Release|Any CPU
		{C3F8A5D2-1E4F-4B6C-9A7E-8D2B5F1A3C9E}.Release|Any CPU.Build.0 = Release|Any CPU
		{C3F8A5D2-1E4F-4B6C-9A7E-8D2B5F1A3C9E}.Release|arm64.ActiveCfg = Release|Any CPU
		{C3F8A5D2-1E4F-4B6C-9A7E-8D2B5F1A3C9E}.Release|arm64.Build.0 = Release|Any CPU
		{C3F8A5D2-1E4F-4B6C-9A7E-8D2B5F1A3C9E}.Release|x86.ActiveCfg = Release|Any CPU
		{C3F8A5D2-1E4F-4B6C-9A7E-8D2B5F1A3C9E}.Release|x86.Build.0 = Release|Any CPU
		{D5B8C9E7-2A3F-4D5E-9B6C-7A8D4E2F3B1C}.Debug|Any CPU.ActiveCfg = Debug|Any CPU
		{D5B8C9E7-2A3F-4D5E-9B6C-7A8D4E2F3B1C}.Debug|Any CPU.Build.0 = Debug|Any CPU
		{D5B8C9E7-2A3F-4D5E-9B6C-7A8D4E2F3B1C}.Debug|arm64.ActiveCfg = Debug|Any CPU
		{D5B8C9E7-2A3F-4D5E-9B6C-7A8D4E2F3B1C}.Debug|arm64.Build.0 = Debug|Any CPU
		{D5B8C9E7-2A3F-4D5E-9B6C-7A8D4E2F3B1C}.Debug|x86.ActiveCfg = Debug|Any CPU
		{D5B8C9E7-2A3F-4D5E-9B6C-7A8D4E2F3B1C}.Debug|x86.Build.0 = Debug|Any CPU
		{D5B8C9E7-2A3F-4D5E-9B6C-7A8D4E2F3B1C}.Release|Any CPU.ActiveCfg = Release|Any CPU
		{D5B8C9E7-2A3F-4D5E-9B6C-7A8D4E2F3B1C}.Release|Any CPU.Build.0 = Release|Any CPU
		{D5B8C9E7-2A3F-4D5E-9B6C-7A8D4E2F3B1C}.Release|arm64.ActiveCfg = Release|Any CPU
		{D5B8C9E7-2A3F-4D5E-9B6C-7A8D4E2F3B1C}.Release|arm64.Build.0 = Release|Any CPU
		{D5B8C9E7-2A3F-4D5E-9B6C-7A8D4E2F3B1C}.Release|x86.ActiveCfg = Release|Any CPU
		{D5B8C9E7-2A3F-4D5E-9B6C-7A8D4E2F3B1C}.Release|x86.Build.0 = Release|Any CPU
	EndGlobalSection
	GlobalSection(SolutionProperties) = preSolution
		HideSolutionNode = FALSE
	EndGlobalSection
	GlobalSection(ExtensibilityGlobals) = postSolution
		SolutionGuid = {5DE0BD9E-0395-4413-82CE-72E4B026204E}
	EndGlobalSection
EndGlobal
